
Microsoft Visual Studio Solution File, Format Version 12.00
# Visual Studio Version 16
VisualStudioVersion = 16.0.31702.278
MinimumVisualStudioVersion = 10.0.40219.1
Project("{FAE04EC0-301F-11D3-BF4B-00C04F79EFBC}") = "Guessing Game Lab", "Guessing Game Lab\Guessing Game Lab.csproj", "{A9975AD6-A09F-4F12-BFBD-44E6505F546C}"
EndProject
Global
	GlobalSection(SolutionConfigurationPlatforms) = preSolution
		Debug|Any CPU = Debug|Any CPU
		Release|Any CPU = Release|Any CPU
	EndGlobalSection
	GlobalSection(ProjectConfigurationPlatforms) = postSolution
		{A9975AD6-A09F-4F12-BFBD-44E6505F546C}.Debug|Any CPU.ActiveCfg = Debug|Any CPU
		{A9975AD6-A09F-4F12-BFBD-44E6505F546C}.Debug|Any CPU.Build.0 = Debug|Any CPU
		{A9975AD6-A09F-4F12-BFBD-44E6505F546C}.Release|Any CPU.ActiveCfg = Release|Any CPU
		{A9975AD6-A09F-4F12-BFBD-44E6505F546C}.Release|Any CPU.Build.0 = Release|Any CPU
	EndGlobalSection
	GlobalSection(SolutionProperties) = preSolution
		HideSolutionNode = FALSE
	EndGlobalSection
	GlobalSection(ExtensibilityGlobals) = postSolution
		SolutionGuid = {F0FCCB79-706F-4589-BBF2-B0EC4107C9E0}
	EndGlobalSection
EndGlobal
